
Microsoft Visual Studio Solution File, Format Version 12.00
# Visual Studio Version 17
VisualStudioVersion = 17.8.34511.84
MinimumVisualStudioVersion = 10.0.40219.1
Project("{FAE04EC0-301F-11D3-BF4B-00C04F79EFBC}") = "BMIPokemon", "BMIPokemon.csproj", "{110E9D60-A693-4298-9460-26F8F7BF44FD}"
EndProject
Global
	GlobalSection(SolutionConfigurationPlatforms) = preSolution
		Debug|Any CPU = Debug|Any CPU
		Release|Any CPU = Release|Any CPU
	EndGlobalSection
	GlobalSection(ProjectConfigurationPlatforms) = postSolution
		{110E9D60-A693-4298-9460-26F8F7BF44FD}.Debug|Any CPU.ActiveCfg = Debug|Any CPU
		{110E9D60-A693-4298-9460-26F8F7BF44FD}.Debug|Any CPU.Build.0 = Debug|Any CPU
		{110E9D60-A693-4298-9460-26F8F7BF44FD}.Debug|Any CPU.Deploy.0 = Debug|Any CPU
		{110E9D60-A693-4298-9460-26F8F7BF44FD}.Release|Any CPU.ActiveCfg = Release|Any CPU
		{110E9D60-A693-4298-9460-26F8F7BF44FD}.Release|Any CPU.Build.0 = Release|Any CPU
		{110E9D60-A693-4298-9460-26F8F7BF44FD}.Release|Any CPU.Deploy.0 = Release|Any CPU
	EndGlobalSection
	GlobalSection(SolutionProperties) = preSolution
		HideSolutionNode = FALSE
	EndGlobalSection
	GlobalSection(ExtensibilityGlobals) = postSolution
		SolutionGuid = {1842F449-9576-43EF-BEB8-81010E659E6B}
	EndGlobalSection
EndGlobal
